
Microsoft Visual Studio Solution File, Format Version 12.00
# Visual Studio 2013
VisualStudioVersion = 12.0.21005.1
MinimumVisualStudioVersion = 10.0.40219.1
Project("{FAE04EC0-301F-11D3-BF4B-00C04F79EFBC}") = "LeaveWord", "LeaveWord\LeaveWord.csproj", "{D1C1DCFF-77F2-43EE-90C3-ACC41EC80D62}"
EndProject
Project("{FAE04EC0-301F-11D3-BF4B-00C04F79EFBC}") = "LeaveWord.Tests", "LeaveWord.Tests\LeaveWord.Tests.csproj", "{67C3F3AC-965E-4E23-A868-7D6628537814}"
EndProject
Project("{FAE04EC0-301F-11D3-BF4B-00C04F79EFBC}") = "LeaveWord.Domain", "LeaveWord.Domain\LeaveWord.Domain.csproj", "{0A496B68-AA2E-40F6-9BE7-713A83C844A1}"
EndProject
Project("{FAE04EC0-301F-11D3-BF4B-00C04F79EFBC}") = "LeaveWord.Dao", "LeaveWord.Dao\LeaveWord.Dao.csproj", "{8859112A-FBD0-4A70-BB36-5B0C54985DBA}"
EndProject
Project("{FAE04EC0-301F-11D3-BF4B-00C04F79EFBC}") = "LeaveWord.DataMapper", "LeaveWord.DataMapper\LeaveWord.DataMapper.csproj", "{12EF002F-C136-4841-BE73-AE658BCB2EA6}"
EndProject
Project("{FAE04EC0-301F-11D3-BF4B-00C04F79EFBC}") = "LeaveWord.Service", "LeaveWord.Service\LeaveWord.Service.csproj", "{96D9E58C-924D-46D7-B8E5-E8AE93A6DA5D}"
EndProject
Global
	GlobalSection(SolutionConfigurationPlatforms) = preSolution
		Debug|Any CPU = Debug|Any CPU
		Release|Any CPU = Release|Any CPU
	EndGlobalSection
	GlobalSection(ProjectConfigurationPlatforms) = postSolution
		{D1C1DCFF-77F2-43EE-90C3-ACC41EC80D62}.Debug|Any CPU.ActiveCfg = Debug|Any CPU
		{D1C1DCFF-77F2-43EE-90C3-ACC41EC80D62}.Debug|Any CPU.Build.0 = Debug|Any CPU
		{D1C1DCFF-77F2-43EE-90C3-ACC41EC80D62}.Release|Any CPU.ActiveCfg = Release|Any CPU
		{D1C1DCFF-77F2-43EE-90C3-ACC41EC80D62}.Release|Any CPU.Build.0 = Release|Any CPU
		{67C3F3AC-965E-4E23-A868-7D6628537814}.Debug|Any CPU.ActiveCfg = Debug|Any CPU
		{67C3F3AC-965E-4E23-A868-7D6628537814}.Debug|Any CPU.Build.0 = Debug|Any CPU
		{67C3F3AC-965E-4E23-A868-7D6628537814}.Release|Any CPU.ActiveCfg = Release|Any CPU
		{67C3F3AC-965E-4E23-A868-7D6628537814}.Release|Any CPU.Build.0 = Release|Any CPU
		{0A496B68-AA2E-40F6-9BE7-713A83C844A1}.Debug|Any CPU.ActiveCfg = Debug|Any CPU
		{0A496B68-AA2E-40F6-9BE7-713A83C844A1}.Debug|Any CPU.Build.0 = Debug|Any CPU
		{0A496B68-AA2E-40F6-9BE7-713A83C844A1}.Release|Any CPU.ActiveCfg = Release|Any CPU
		{0A496B68-AA2E-40F6-9BE7-713A83C844A1}.Release|Any CPU.Build.0 = Release|Any CPU
		{8859112A-FBD0-4A70-BB36-5B0C54985DBA}.Debug|Any CPU.ActiveCfg = Debug|Any CPU
		{8859112A-FBD0-4A70-BB36-5B0C54985DBA}.Debug|Any CPU.Build.0 = Debug|Any CPU
		{8859112A-FBD0-4A70-BB36-5B0C54985DBA}.Release|Any CPU.ActiveCfg = Release|Any CPU
		{8859112A-FBD0-4A70-BB36-5B0C54985DBA}.Release|Any CPU.Build.0 = Release|Any CPU
		{12EF002F-C136-4841-BE73-AE658BCB2EA6}.Debug|Any CPU.ActiveCfg = Debug|Any CPU
		{12EF002F-C136-4841-BE73-AE658BCB2EA6}.Debug|Any CPU.Build.0 = Debug|Any CPU
		{12EF002F-C136-4841-BE73-AE658BCB2EA6}.Release|Any CPU.ActiveCfg = Release|Any CPU
		{12EF002F-C136-4841-BE73-AE658BCB2EA6}.Release|Any CPU.Build.0 = Release|Any CPU
		{96D9E58C-924D-46D7-B8E5-E8AE93A6DA5D}.Debug|Any CPU.ActiveCfg = Debug|Any CPU
		{96D9E58C-924D-46D7-B8E5-E8AE93A6DA5D}.Debug|Any CPU.Build.0 = Debug|Any CPU
		{96D9E58C-924D-46D7-B8E5-E8AE93A6DA5D}.Release|Any CPU.ActiveCfg = Release|Any CPU
		{96D9E58C-924D-46D7-B8E5-E8AE93A6DA5D}.Release|Any CPU.Build.0 = Release|Any CPU
	EndGlobalSection
	GlobalSection(SolutionProperties) = preSolution
		HideSolutionNode = FALSE
	EndGlobalSection
EndGlobal
